
Microsoft Visual Studio Solution File, Format Version 12.00
# Visual Studio Version 17
VisualStudioVersion = 17.4.33205.214
MinimumVisualStudioVersion = 10.0.40219.1
Project("{FAE04EC0-301F-11D3-BF4B-00C04F79EFBC}") = "SuperShopBrunoFerreira", "SuperShopBrunoFerreira.csproj", "{C3130AF7-A5FA-496B-B7EB-C1DBA353526E}"
EndProject
Global
	GlobalSection(SolutionConfigurationPlatforms) = preSolution
		Debug|Any CPU = Debug|Any CPU
		Release|Any CPU = Release|Any CPU
	EndGlobalSection
	GlobalSection(ProjectConfigurationPlatforms) = postSolution
		{C3130AF7-A5FA-496B-B7EB-C1DBA353526E}.Debug|Any CPU.ActiveCfg = Debug|Any CPU
		{C3130AF7-A5FA-496B-B7EB-C1DBA353526E}.Debug|Any CPU.Build.0 = Debug|Any CPU
		{C3130AF7-A5FA-496B-B7EB-C1DBA353526E}.Release|Any CPU.ActiveCfg = Release|Any CPU
		{C3130AF7-A5FA-496B-B7EB-C1DBA353526E}.Release|Any CPU.Build.0 = Release|Any CPU
	EndGlobalSection
	GlobalSection(SolutionProperties) = preSolution
		HideSolutionNode = FALSE
	EndGlobalSection
	GlobalSection(ExtensibilityGlobals) = postSolution
		SolutionGuid = {B4ABEAD8-64AC-4F04-A6CF-127E092C7E5E}
	EndGlobalSection
EndGlobal
